<?xml version="1.0" encoding="utf-8"?>
<Project ToolsVersion="4.0" xmlns="http://schemas.microsoft.com/developer/msbuild/2003">
  <ItemGroup>
    <Filter Include="소스 파일">
      <UniqueIdentifier>{4FC737F1-C7A5-4376-A066-2A32D752A2FF}</UniqueIdentifier>
      <Extensions>cpp;c;cc;cxx;c++;cppm;ixx;def;odl;idl;hpj;bat;asm;asmx</Extensions>
    </Filter>
    <Filter Include="헤더 파일">
      <UniqueIdentifier>{93995380-89BD-4b04-88EB-625FBE52EBFB}</UniqueIdentifier>
      <Extensions>h;hh;hpp;hxx;h++;hm;inl;inc;ipp;xsd</Extensions>
    </Filter>
    <Filter Include="리소스 파일">
      <UniqueIdentifier>{67DA6AB6-F800-4c08-8B7A-83BB121AAD01}</UniqueIdentifier>
      <Extensions>rc;ico;cur;bmp;dlg;rc2;rct;bin;rgs;gif;jpg;jpeg;jpe;resx;tiff;tif;png;wav;mfcribbon-ms</Extensions>
    </Filter>
    <Filter Include="소스 파일\Chapter_02">
      <UniqueIdentifier>{6f46e4ce-65e3-4a47-88b3-3b866bebf1c0}</UniqueIdentifier>
    </Filter>
    <Filter Include="소스 파일\Chapter_03">
      <UniqueIdentifier>{a772bbe0-56ff-4122-b977-d3d5b4c1a8ac}</UniqueIdentifier>
    </Filter>
    <Filter Include="소스 파일\Assingment">
      <UniqueIdentifier>{3b4cae98-3e53-42d0-bc86-0d8a75a384aa}</UniqueIdentifier>
    </Filter>
  </ItemGroup>
  <ItemGroup>
    <ClCompile Include="TPClient.cpp">
      <Filter>소스 파일\Assingment</Filter>
    </ClCompile>
    <ClCompile Include="InitSocket.cpp">
      <Filter>소스 파일\Chapter_02</Filter>
    </ClCompile>
    <ClCompile Include="TCPServer.cpp">
      <Filter>소스 파일\Assingment</Filter>
    </ClCompile>
  </ItemGroup>
  <ItemGroup>
    <ClInclude Include="Common.h">
      <Filter>헤더 파일</Filter>
    </ClInclude>
  </ItemGroup>
</Project>